// !$*UTF8*$!
{
	archiveVersion = 1;
	classes = {
	};
	objectVersion = 46;
	objects = {

/* Begin PBXBuildFile section */
		2663B8571DABF0A200F2013F /* AppDelegate.swift in Sources */ = {isa = PBXBuildFile; fileRef = 2663B8561DABF0A200F2013F /* AppDelegate.swift */; };
		2663B8591DABF0A200F2013F /* ViewController.swift in Sources */ = {isa = PBXBuildFile; fileRef = 2663B8581DABF0A200F2013F /* ViewController.swift */; };
		2663B85C1DABF0A200F2013F /* Main.storyboard in Resources */ = {isa = PBXBuildFile; fileRef = 2663B85A1DABF0A200F2013F /* Main.storyboard */; };
		2663B85E1DABF0A200F2013F /* Assets.xcassets in Resources */ = {isa = PBXBuildFile; fileRef = 2663B85D1DABF0A200F2013F /* Assets.xcassets */; };
		2663B8611DABF0A200F2013F /* LaunchScreen.storyboard in Resources */ = {isa = PBXBuildFile; fileRef = 2663B85F1DABF0A200F2013F /* LaunchScreen.storyboard */; };
/* End PBXBuildFile section */

/* Begin PBXFileReference section */
		2663B8531DABF0A200F2013F /* Activity.app */ = {isa = PBXFileReference; explicitFileType = wrapper.application; includeInIndex = 0; path = Activity.app; sourceTree = BUILT_PRODUCTS_DIR; };
		2663B8561DABF0A200F2013F /* AppDelegate.swift */ = {isa = PBXFileReference; lastKnownFileType = sourcecode.swift; path = AppDelegate.swift; sourceTree = "<group>"; };
		2663B8581DABF0A200F2013F /* ViewController.swift */ = {isa = PBXFileReference; lastKnownFileType = sourcecode.swift; path = ViewController.swift; sourceTree = "<group>"; };
		2663B85B1DABF0A200F2013F /* Base */ = {isa = PBXFileReference; lastKnownFileType = file.storyboard; name = Base; path = Base.lproj/Main.storyboard; sourceTree = "<group>"; };
		2663B85D1DABF0A200F2013F /* Assets.xcassets */ = {isa = PBXFileReference; lastKnownFileType = folder.assetcatalog; path = Assets.xcassets; sourceTree = "<group>"; };
		2663B8601DABF0A200F2013F /* Base */ = {isa = PBXFileReference; lastKnownFileType = file.storyboard; name = Base; path = Base.lproj/LaunchScreen.storyboard; sourceTree = "<group>"; };
		2663B8621DABF0A200F2013F /* Info.plist */ = {isa = PBXFileReference; lastKnownFileType = text.plist.xml; path = Info.plist; sourceTree = "<group>"; };
/* End PBXFileReference section */

/* Begin PBXFrameworksBuildPhase section */
		2663B8501DABF0A200F2013F /* Frameworks */ = {
			isa = PBXFrameworksBuildPhase;
			buildActionMask = 2147483647;
			files = (
			);
			runOnlyForDeploymentPostprocessing = 0;
		};
/* End PBXFrameworksBuildPhase section */

/* Begin PBXGroup section */
		2663B84A1DABF0A200F2013F = {
			isa = PBXGroup;
			children = (
				2663B8551DABF0A200F2013F /* Activity */,
				2663B8541DABF0A200F2013F /* Products */,
			);
			sourceTree = "<group>";
		};
		2663B8541DABF0A200F2013F /* Products */ = {
			isa = PBXGroup;
			children = (
				2663B8531DABF0A200F2013F /* Activity.app */,
			);
			name = Products;
			sourceTree = "<group>";
		};
		2663B8551DABF0A200F2013F /* Activity */ = {
			isa = PBXGroup;
			children = (
				2663B8561DABF0A200F2013F /* AppDelegate.swift */,
				2663B8581DABF0A200F2013F /* ViewController.swift */,
				2663B85A1DABF0A200F2013F /* Main.storyboard */,
				2663B85D1DABF0A200F2013F /* Assets.xcassets */,
				2663B85F1DABF0A200F2013F /* LaunchScreen.storyboard */,
				2663B8621DABF0A200F2013F /* Info.plist */,
			);
			path = Activity;
			sourceTree = "<group>";
		};
/* End PBXGroup section */

/* Begin PBXNativeTarget section */
		2663B8521DABF0A200F2013F /* Activity */ = {
			isa = PBXNativeTarget;
			buildConfigurationList = 2663B8651DABF0A200F2013F /* Build configuration list for PBXNativeTarget "Activity" */;
			buildPhases = (
				2663B84F1DABF0A200F2013F /* Sources */,
				2663B8501DABF0A200F2013F /* Frameworks */,
				2663B8511DABF0A200F2013F /* Resources */,
			);
			buildRules = (
			);
			dependencies = (
			);
			name = Activity;
			productName = Activity;
			productReference = 2663B8531DABF0A200F2013F /* Activity.app */;
			productType = "com.apple.product-type.application";
		};
/* End PBXNativeTarget section */

/* Begin PBXProject section */
		2663B84B1DABF0A200F2013F /* Project object */ = {
			isa = PBXProject;
			attributes = {
				LastSwiftUpdateCheck = 0800;
				LastUpgradeCheck = 0800;
				ORGANIZATIONNAME = "SmallSharpTools LLC";
				TargetAttributes = {
					2663B8521DABF0A200F2013F = {
						CreatedOnToolsVersion = 8.0;
						DevelopmentTeam = M3FCT79SM9;
						ProvisioningStyle = Automatic;
					};
				};
			};
			buildConfigurationList = 2663B84E1DABF0A200F2013F /* Build configuration list for PBXProject "Activity" */;
			compatibilityVersion = "Xcode 3.2";
			developmentRegion = English;
			hasScannedForEncodings = 0;
			knownRegions = (
				en,
				Base,
			);
			mainGroup = 2663B84A1DABF0A200F2013F;
			productRefGroup = 2663B8541DABF0A200F2013F /* Products */;
			projectDirPath = "";
			projectRoot = "";
			targets = (
				2663B8521DABF0A200F2013F /* Activity */,
			);
		};
/* End PBXProject section */

/* Begin PBXResourcesBuildPhase section */
		2663B8511DABF0A200F2013F /* Resources */ = {
			isa = PBXResourcesBuildPhase;
			buildActionMask = 2147483647;
			files = (
				2663B8611DABF0A200F2013F /* LaunchScreen.storyboard in Resources */,
				2663B85E1DABF0A200F2013F /* Assets.xcassets in Resources */,
				2663B85C1DABF0A200F2013F /* Main.storyboard in Resources */,
			);
			runOnlyForDeploymentPostprocessing = 0;
		};
/* End PBXResourcesBuildPhase section */

/* Begin PBXSourcesBuildPhase section */
		2663B84F1DABF0A200F2013F /* Sources */ = {
			isa = PBXSourcesBuildPhase;
			buildActionMask = 2147483647;
			files = (
				2663B8591DABF0A200F2013F /* ViewController.swift in Sources */,
				2663B8571DABF0A200F2013F /* AppDelegate.swift in Sources */,
			);
			runOnlyForDeploymentPostprocessing = 0;
		};
/* End PBXSourcesBuildPhase section */

/* Begin PBXVariantGroup section */
		2663B85A1DABF0A200F2013F /* Main.storyboard */ = {
			isa = PBXVariantGroup;
			children = (
				2663B85B1DABF0A200F2013F /* Base */,
			);
			name = Main.storyboard;
			sourceTree = "<group>";
		};
		2663B85F1DABF0A200F2013F /* LaunchScreen.storyboard */ = {
			isa = PBXVariantGroup;
			children = (
				2663B8601DABF0A200F2013F /* Base */,
			);
			name = LaunchScreen.storyboard;
			sourceTree = "<group>";
		};
/* End PBXVariantGroup section */

/* Begin XCBuildConfiguration section */
		2663B8631DABF0A200F2013F /* Debug */ = {
			isa = XCBuildConfiguration;
			buildSettings = {
				ALWAYS_SEARCH_USER_PATHS = NO;
				CLANG_ANALYZER_NONNULL = YES;
				CLANG_CXX_LANGUAGE_STANDARD = "gnu++0x";
				CLANG_CXX_LIBRARY = "libc++";
				CLANG_ENABLE_MODULES = YES;
				CLANG_ENABLE_OBJC_ARC = YES;
				CLANG_WARN_BOOL_CONVERSION = YES;
				CLANG_WARN_CONSTANT_CONVERSION = YES;
				CLANG_WARN_DIRECT_OBJC_ISA_USAGE = YES_ERROR;
				CLANG_WARN_DOCUMENTATION_COMMENTS = YES;
				CLANG_WARN_EMPTY_BODY = YES;
				CLANG_WARN_ENUM_CONVERSION = YES;
				CLANG_WARN_INFINITE_RECURSION = YES;
				CLANG_WARN_INT_CONVERSION = YES;
				CLANG_WARN_OBJC_ROOT_CLASS = YES_ERROR;
				CLANG_WARN_SUSPICIOUS_MOVES = YES;
				CLANG_WARN_UNREACHABLE_CODE = YES;
				CLANG_WARN__DUPLICATE_METHOD_MATCH = YES;
				"CODE_SIGN_IDENTITY[sdk=iphoneos*]" = "iPhone Developer";
				COPY_PHASE_STRIP = NO;
				DEBUG_INFORMATION_FORMAT = dwarf;
				ENABLE_STRICT_OBJC_MSGSEND = YES;
				ENABLE_TESTABILITY = YES;
				GCC_C_LANGUAGE_STANDARD = gnu99;
				GCC_DYNAMIC_NO_PIC = NO;
				GCC_NO_COMMON_BLOCKS = YES;
				GCC_OPTIMIZATION_LEVEL = 0;
				GCC_PREPROCESSOR_DEFINITIONS = (
					"DEBUG=1",
					"$(inherited)",
				);
				GCC_WARN_64_TO_32_BIT_CONVERSION = YES;
				GCC_WARN_ABOUT_RETURN_TYPE = YES_ERROR;
				GCC_WARN_UNDECLARED_SELECTOR = YES;
				GCC_WARN_UNINITIALIZED_AUTOS = YES_AGGRESSIVE;
				GCC_WARN_UNUSED_FUNCTION = YES;
				GCC_WARN_UNUSED_VARIABLE = YES;
				IPHONEOS_DEPLOYMENT_TARGET = 10.0;
				MTL_ENABLE_DEBUG_INFO = YES;
				ONLY_ACTIVE_ARCH = YES;
				SDKROOT = iphoneos;
				SWIFT_ACTIVE_COMPILATION_CONDITIONS = DEBUG;
				SWIFT_OPTIMIZATION_LEVEL = "-Onone";
				TARGETED_DEVICE_FAMILY = "1,2";
			};
			name = Debug;
		};
		2663B8641DABF0A200F2013F /* Release */ = {
			isa = XCBuildConfiguration;
			buildSettings = {
				ALWAYS_SEARCH_USER_PATHS = NO;
				CLANG_ANALYZER_NONNULL = YES;
				CLANG_CXX_LANGUAGE_STANDARD = "gnu++0x";
				CLANG_CXX_LIBRARY = "libc++";
				CLANG_ENABLE_MODULES = YES;
				CLANG_ENABLE_OBJC_ARC = YES;
				CLANG_WARN_BOOL_CONVERSION = YES;
				CLANG_WARN_CONSTANT_CONVERSION = YES;
				CLANG_WARN_DIRECT_OBJC_ISA_USAGE = YES_ERROR;
				CLANG_WARN_DOCUMENTATION_COMMENTS = YES;
				CLANG_WARN_EMPTY_BODY = YES;
				CLANG_WARN_ENUM_CONVERSION = YES;
				CLANG_WARN_INFINITE_RECURSION = YES;
				CLANG_WARN_INT_CONVERSION = YES;
				CLANG_WARN_OBJC_ROOT_CLASS = YES_ERROR;
				CLANG_WARN_SUSPICIOUS_MOVES = YES;
				CLANG_WARN_UNREACHABLE_CODE = YES;
				CLANG_WARN__DUPLICATE_METHOD_MATCH = YES;
				"CODE_SIGN_IDENTITY[sdk=iphoneos*]" = "iPhone Developer";
				COPY_PHASE_STRIP = NO;
				DEBUG_INFORMATION_FORMAT = "dwarf-with-dsym";
				ENABLE_NS_ASSERTIONS = NO;
				ENABLE_STRICT_OBJC_MSGSEND = YES;
				GCC_C_LANGUAGE_STANDARD = gnu99;
				GCC_NO_COMMON_BLOCKS = YES;
				GCC_WARN_64_TO_32_BIT_CONVERSION = YES;
				GCC_WARN_ABOUT_RETURN_TYPE = YES_ERROR;
				GCC_WARN_UNDECLARED_SELECTOR = YES;
				GCC_WARN_UNINITIALIZED_AUTOS = YES_AGGRESSIVE;
				GCC_WARN_UNUSED_FUNCTION = YES;
				GCC_WARN_UNUSED_VARIABLE = YES;
				IPHONEOS_DEPLOYMENT_TARGET = 10.0;
				MTL_ENABLE_DEBUG_INFO = NO;
				SDKROOT = iphoneos;
				SWIFT_OPTIMIZATION_LEVEL = "-Owholemodule";
				TARGETED_DEVICE_FAMILY = "1,2";
				VALIDATE_PRODUCT = YES;
			};
			name = Release;
		};
		2663B8661DABF0A200F2013F /* Debug */ = {
			isa = XCBuildConfiguration;
			buildSettings = {
				ASSETCATALOG_COMPILER_APPICON_NAME = AppIcon;
				DEVELOPMENT_TEAM = M3FCT79SM9;
				INFOPLIST_FILE = Activity/Info.plist;
				LD_RUNPATH_SEARCH_PATHS = "$(inherited) @executable_path/Frameworks";
				PRODUCT_BUNDLE_IDENTIFIER = com.smallsharptools.Activity;
				PRODUCT_NAME = "$(TARGET_NAME)";
				SWIFT_VERSION = 3.0;
			};
			name = Debug;
		};
		2663B8671DABF0A200F2013F /* Release */ = {
			isa = XCBuildConfiguration;
			buildSettings = {
				ASSETCATALOG_COMPILER_APPICON_NAME = AppIcon;
				DEVELOPMENT_TEAM = M3FCT79SM9;
				INFOPLIST_FILE = Activity/Info.plist;
				LD_RUNPATH_SEARCH_PATHS = "$(inherited) @executable_path/Frameworks";
				PRODUCT_BUNDLE_IDENTIFIER = com.smallsharptools.Activity;
				PRODUCT_NAME = "$(TARGET_NAME)";
				SWIFT_VERSION = 3.0;
			};
			name = Release;
		};
/* End XCBuildConfiguration section */

/* Begin XCConfigurationList section */
		2663B84E1DABF0A200F2013F /* Build configuration list for PBXProject "Activity" */ = {
			isa = XCConfigurationList;
			buildConfigurations = (
				2663B8631DABF0A200F2013F /* Debug */,
				2663B8641DABF0A200F2013F /* Release */,
			);
			defaultConfigurationIsVisible = 0;
			defaultConfigurationName = Release;
		};
		2663B8651DABF0A200F2013F /* Build configuration list for PBXNativeTarget "Activity" */ = {
			isa = XCConfigurationList;
			buildConfigurations = (
				2663B8661DABF0A200F2013F /* Debug */,
				2663B8671DABF0A200F2013F /* Release */,
			);
			defaultConfigurationIsVisible = 0;
		};
/* End XCConfigurationList section */
	};
	rootObject = 2663B84B1DABF0A200F2013F /* Project object */;
}
